
Microsoft Visual Studio Solution File, Format Version 12.00
# Visual Studio 15
VisualStudioVersion = 15.0.27703.2035
MinimumVisualStudioVersion = 10.0.40219.1
Project("{8BC9CEB8-8B4A-11D0-8D11-00A0C91BC942}") = "Engine", "Engine\Engine.vcxproj", "{192CEED7-6650-4D70-96D3-B2AD9C803E48}"
EndProject
Global
	GlobalSection(SolutionConfigurationPlatforms) = preSolution
		Debug|x64 = Debug|x64
		Debug|x86 = Debug|x86
		Release|x64 = Release|x64
		Release|x86 = Release|x86
	EndGlobalSection
	GlobalSection(ProjectConfigurationPlatforms) = postSolution
		{192CEED7-6650-4D70-96D3-B2AD9C803E48}.Debug|x64.ActiveCfg = Debug|x64
		{192CEED7-6650-4D70-96D3-B2AD9C803E48}.Debug|x64.Build.0 = Debug|x64
		{192CEED7-6650-4D70-96D3-B2AD9C803E48}.Debug|x86.ActiveCfg = Debug|Win32
		{192CEED7-6650-4D70-96D3-B2AD9C803E48}.Debug|x86.Build.0 = Debug|Win32
		{192CEED7-6650-4D70-96D3-B2AD9C803E48}.Release|x64.ActiveCfg = Release|x64
		{192CEED7-6650-4D70-96D3-B2AD9C803E48}.Release|x64.Build.0 = Release|x64
		{192CEED7-6650-4D70-96D3-B2AD9C803E48}.Release|x86.ActiveCfg = Release|Win32
		{192CEED7-6650-4D70-96D3-B2AD9C803E48}.Release|x86.Build.0 = Release|Win32
	EndGlobalSection
	GlobalSection(SolutionProperties) = preSolution
		HideSolutionNode = FALSE
	EndGlobalSection
	GlobalSection(ExtensibilityGlobals) = postSolution
		SolutionGuid = {FEC2D89F-19A4-49DC-8122-ADB2BF1C2CE7}
	EndGlobalSection
EndGlobal
